
Microsoft Visual Studio Solution File, Format Version 12.00
Project("{FAE04EC0-301F-11D3-BF4B-00C04F79EFBC}") = "VMController", "VMController\VMController.csproj", "{79E32215-6EE1-4387-96DF-B35B79C1B9BA}"
EndProject
Global
	GlobalSection(SolutionConfigurationPlatforms) = preSolution
		Debug|Any CPU = Debug|Any CPU
		Release|Any CPU = Release|Any CPU
	EndGlobalSection
	GlobalSection(ProjectConfigurationPlatforms) = postSolution
		{79E32215-6EE1-4387-96DF-B35B79C1B9BA}.Debug|Any CPU.ActiveCfg = Debug|Any CPU
		{79E32215-6EE1-4387-96DF-B35B79C1B9BA}.Debug|Any CPU.Build.0 = Debug|Any CPU
		{79E32215-6EE1-4387-96DF-B35B79C1B9BA}.Release|Any CPU.ActiveCfg = Release|Any CPU
		{79E32215-6EE1-4387-96DF-B35B79C1B9BA}.Release|Any CPU.Build.0 = Release|Any CPU
	EndGlobalSection
EndGlobal
